
Microsoft Visual Studio Solution File, Format Version 12.00
# Visual Studio Version 16
VisualStudioVersion = 16.0.28729.10
MinimumVisualStudioVersion = 10.0.40219.1
Project("{FAE04EC0-301F-11D3-BF4B-00C04F79EFBC}") = "winform_client", "winform_client\winform_client.csproj", "{35427E79-C2BB-4888-9A9E-53DAAFDBE06D}"
EndProject
Global
	GlobalSection(SolutionConfigurationPlatforms) = preSolution
		Debug|Any CPU = Debug|Any CPU
		Release|Any CPU = Release|Any CPU
	EndGlobalSection
	GlobalSection(ProjectConfigurationPlatforms) = postSolution
		{35427E79-C2BB-4888-9A9E-53DAAFDBE06D}.Debug|Any CPU.ActiveCfg = Debug|Any CPU
		{35427E79-C2BB-4888-9A9E-53DAAFDBE06D}.Debug|Any CPU.Build.0 = Debug|Any CPU
		{35427E79-C2BB-4888-9A9E-53DAAFDBE06D}.Release|Any CPU.ActiveCfg = Release|Any CPU
		{35427E79-C2BB-4888-9A9E-53DAAFDBE06D}.Release|Any CPU.Build.0 = Release|Any CPU
	EndGlobalSection
	GlobalSection(SolutionProperties) = preSolution
		HideSolutionNode = FALSE
	EndGlobalSection
	GlobalSection(ExtensibilityGlobals) = postSolution
		SolutionGuid = {BE997C3B-9A6B-4190-A1F6-6F5487E634D3}
	EndGlobalSection
EndGlobal
